lockfileVersion: '6.0'

settings:
  autoInstallPeers: true
  excludeLinksFromLockfile: false

devDependencies:
  prisma:
    specifier: ^5.1.0
    version: 5.1.0
  typescript:
    specifier: ^5.1.6
    version: 5.1.6

packages:

  /@prisma/engines@5.1.0:
    resolution: {integrity: sha512-HqaFsnPmZOdMWkPq6tT2eTVTQyaAXEDdKszcZ4yc7DGMBIYRP6j/zAJTtZUG9SsMV8FaucdL5vRyxY/p5Ni28g==}
    requiresBuild: true
    dev: true

  /prisma@5.1.0:
    resolution: {integrity: sha512-wkXvh+6wxk03G8qwpZMOed4Y3j+EQ+bMTlvbDZHeal6k1E8QuGKzRO7DRXlE1NV0WNgOAas8kwZqcLETQ2+BiQ==}
    engines: {node: '>=16.13'}
    hasBin: true
    requiresBuild: true
    dependencies:
      '@prisma/engines': 5.1.0
    dev: true

  /typescript@5.1.6:
    resolution: {integrity: sha512-zaWCozRZ6DLEWAWFrVDz1H6FVXzUSfTy5FUMWsQlU8Ym5JP9eO4xkTIROFCQvhQf61z6O/G6ugw3SgAnvvm+HA==}
    engines: {node: '>=14.17'}
    hasBin: true
    dev: true
