
Microsoft Visual Studio Solution File, Format Version 12.00
# Visual Studio Version 16
VisualStudioVersion = 25.0.1704.4
MinimumVisualStudioVersion = 10.0.40219.1
Project("{FAE04EC0-301F-11D3-BF4B-00C04F79EFBC}") = "reporting", "reporting.csproj", "{C9640D24-9AA0-4147-93C3-5A3CB4147057}"
EndProject
Project("{FAE04EC0-301F-11D3-BF4B-00C04F79EFBC}") = "Tests", "Tests\Tests.csproj", "{C062ECC9-4B36-43C3-A03C-4D3507930A6D}"
EndProject
Global
	GlobalSection(SolutionConfigurationPlatforms) = preSolution
		Debug|Any CPU = Debug|Any CPU
		Release|Any CPU = Release|Any CPU
	EndGlobalSection
	GlobalSection(ProjectConfigurationPlatforms) = postSolution
		{C9640D24-9AA0-4147-93C3-5A3CB4147057}.Debug|Any CPU.ActiveCfg = Debug|Any CPU
		{C9640D24-9AA0-4147-93C3-5A3CB4147057}.Debug|Any CPU.Build.0 = Debug|Any CPU
		{C9640D24-9AA0-4147-93C3-5A3CB4147057}.Release|Any CPU.ActiveCfg = Release|Any CPU
		{C9640D24-9AA0-4147-93C3-5A3CB4147057}.Release|Any CPU.Build.0 = Release|Any CPU
		{C062ECC9-4B36-43C3-A03C-4D3507930A6D}.Debug|Any CPU.ActiveCfg = Debug|Any CPU
		{C062ECC9-4B36-43C3-A03C-4D3507930A6D}.Debug|Any CPU.Build.0 = Debug|Any CPU
		{C062ECC9-4B36-43C3-A03C-4D3507930A6D}.Release|Any CPU.ActiveCfg = Release|Any CPU
		{C062ECC9-4B36-43C3-A03C-4D3507930A6D}.Release|Any CPU.Build.0 = Release|Any CPU
	EndGlobalSection
	GlobalSection(SolutionProperties) = preSolution
		HideSolutionNode = FALSE
	EndGlobalSection
	GlobalSection(ExtensibilityGlobals) = postSolution
		SolutionGuid = {3EF24C32-CC61-4374-93CE-E6E9B554B32D}
	EndGlobalSection
EndGlobal
